
Microsoft Visual Studio Solution File, Format Version 12.00
# Visual Studio 15
VisualStudioVersion = 15.0.27130.2026
MinimumVisualStudioVersion = 10.0.40219.1
Project("{FAE04EC0-301F-11D3-BF4B-00C04F79EFBC}") = "IndexersAndProperties", "IndexersAndProperties\IndexersAndProperties.csproj", "{970AE43C-01F6-496F-849E-88866811396A}"
EndProject
Global
	GlobalSection(SolutionConfigurationPlatforms) = preSolution
		Debug|Any CPU = Debug|Any CPU
		Release|Any CPU = Release|Any CPU
	EndGlobalSection
	GlobalSection(ProjectConfigurationPlatforms) = postSolution
		{970AE43C-01F6-496F-849E-88866811396A}.Debug|Any CPU.ActiveCfg = Debug|Any CPU
		{970AE43C-01F6-496F-849E-88866811396A}.Debug|Any CPU.Build.0 = Debug|Any CPU
		{970AE43C-01F6-496F-849E-88866811396A}.Release|Any CPU.ActiveCfg = Release|Any CPU
		{970AE43C-01F6-496F-849E-88866811396A}.Release|Any CPU.Build.0 = Release|Any CPU
	EndGlobalSection
	GlobalSection(SolutionProperties) = preSolution
		HideSolutionNode = FALSE
	EndGlobalSection
	GlobalSection(ExtensibilityGlobals) = postSolution
		SolutionGuid = {14279894-BAD1-417C-9C89-4B4BBC304F43}
	EndGlobalSection
EndGlobal
