
Microsoft Visual Studio Solution File, Format Version 12.00
# Visual Studio 15
VisualStudioVersion = 15.0.27130.2026
MinimumVisualStudioVersion = 10.0.40219.1
Project("{FAE04EC0-301F-11D3-BF4B-00C04F79EFBC}") = "FirstProgram", "FirstProgram\FirstProgram.csproj", "{FF4C7230-662B-4CF3-9246-F6BEA5DD9786}"
EndProject
Global
	GlobalSection(SolutionConfigurationPlatforms) = preSolution
		Debug|Any CPU = Debug|Any CPU
		Release|Any CPU = Release|Any CPU
	EndGlobalSection
	GlobalSection(ProjectConfigurationPlatforms) = postSolution
		{FF4C7230-662B-4CF3-9246-F6BEA5DD9786}.Debug|Any CPU.ActiveCfg = Debug|Any CPU
		{FF4C7230-662B-4CF3-9246-F6BEA5DD9786}.Debug|Any CPU.Build.0 = Debug|Any CPU
		{FF4C7230-662B-4CF3-9246-F6BEA5DD9786}.Release|Any CPU.ActiveCfg = Release|Any CPU
		{FF4C7230-662B-4CF3-9246-F6BEA5DD9786}.Release|Any CPU.Build.0 = Release|Any CPU
	EndGlobalSection
	GlobalSection(SolutionProperties) = preSolution
		HideSolutionNode = FALSE
	EndGlobalSection
	GlobalSection(ExtensibilityGlobals) = postSolution
		SolutionGuid = {3D1DD07F-0CFA-4835-AB11-25209A130660}
	EndGlobalSection
EndGlobal
